// !$*UTF8*$!
{
	archiveVersion = 1;
	classes = {
	};
	objectVersion = 46;
	objects = {

/* Begin PBXBuildFile section */
		4C45BE671A2CEE170036FE4D /* AppDelegate.swift in Sources */ = {isa = PBXBuildFile; fileRef = 4C45BE661A2CEE170036FE4D /* AppDelegate.swift */; };
		4C45BE6E1A2CEE170036FE4D /* Main.storyboard in Resources */ = {isa = PBXBuildFile; fileRef = 4C45BE6C1A2CEE170036FE4D /* Main.storyboard */; };
		4C45BE701A2CEE170036FE4D /* Images.xcassets in Resources */ = {isa = PBXBuildFile; fileRef = 4C45BE6F1A2CEE170036FE4D /* Images.xcassets */; };
		4C45BE731A2CEE170036FE4D /* LaunchScreen.xib in Resources */ = {isa = PBXBuildFile; fileRef = 4C45BE711A2CEE170036FE4D /* LaunchScreen.xib */; };
		4C45BE7F1A2CEE180036FE4D /* Framer_ConnectTests.swift in Sources */ = {isa = PBXBuildFile; fileRef = 4C45BE7E1A2CEE180036FE4D /* Framer_ConnectTests.swift */; };
		4C45BE8E1A2D21810036FE4D /* WebViewController.swift in Sources */ = {isa = PBXBuildFile; fileRef = 4C45BE8D1A2D21810036FE4D /* WebViewController.swift */; };
		4C45BE901A2D21A70036FE4D /* WebKit.framework in Frameworks */ = {isa = PBXBuildFile; fileRef = 4C45BE8F1A2D21A70036FE4D /* WebKit.framework */; };
		4C45BE971A2D24B50036FE4D /* BonjourFinder.m in Sources */ = {isa = PBXBuildFile; fileRef = 4C45BE961A2D24B50036FE4D /* BonjourFinder.m */; };
		4C45BE991A2D30E70036FE4D /* SearchingViewController.swift in Sources */ = {isa = PBXBuildFile; fileRef = 4C45BE981A2D30E70036FE4D /* SearchingViewController.swift */; };
/* End PBXBuildFile section */

/* Begin PBXContainerItemProxy section */
		4C45BE791A2CEE180036FE4D /* PBXContainerItemProxy */ = {
			isa = PBXContainerItemProxy;
			containerPortal = 4C45BE591A2CEE170036FE4D /* Project object */;
			proxyType = 1;
			remoteGlobalIDString = 4C45BE601A2CEE170036FE4D;
			remoteInfo = "Framer Connect";
		};
/* End PBXContainerItemProxy section */

/* Begin PBXFileReference section */
		4C45BE611A2CEE170036FE4D /* Framer Connect.app */ = {isa = PBXFileReference; explicitFileType = wrapper.application; includeInIndex = 0; path = "Framer Connect.app"; sourceTree = BUILT_PRODUCTS_DIR; };
		4C45BE651A2CEE170036FE4D /* Info.plist */ = {isa = PBXFileReference; lastKnownFileType = text.plist.xml; path = Info.plist; sourceTree = "<group>"; };
		4C45BE661A2CEE170036FE4D /* AppDelegate.swift */ = {isa = PBXFileReference; lastKnownFileType = sourcecode.swift; path = AppDelegate.swift; sourceTree = "<group>"; };
		4C45BE6D1A2CEE170036FE4D /* Base */ = {isa = PBXFileReference; lastKnownFileType = file.storyboard; name = Base; path = Base.lproj/Main.storyboard; sourceTree = "<group>"; };
		4C45BE6F1A2CEE170036FE4D /* Images.xcassets */ = {isa = PBXFileReference; lastKnownFileType = folder.assetcatalog; path = Images.xcassets; sourceTree = "<group>"; };
		4C45BE721A2CEE170036FE4D /* Base */ = {isa = PBXFileReference; lastKnownFileType = file.xib; name = Base; path = Base.lproj/LaunchScreen.xib; sourceTree = "<group>"; };
		4C45BE781A2CEE180036FE4D /* Framer ConnectTests.xctest */ = {isa = PBXFileReference; explicitFileType = wrapper.cfbundle; includeInIndex = 0; path = "Framer ConnectTests.xctest"; sourceTree = BUILT_PRODUCTS_DIR; };
		4C45BE7D1A2CEE180036FE4D /* Info.plist */ = {isa = PBXFileReference; lastKnownFileType = text.plist.xml; path = Info.plist; sourceTree = "<group>"; };
		4C45BE7E1A2CEE180036FE4D /* Framer_ConnectTests.swift */ = {isa = PBXFileReference; lastKnownFileType = sourcecode.swift; path = Framer_ConnectTests.swift; sourceTree = "<group>"; };
		4C45BE8D1A2D21810036FE4D /* WebViewController.swift */ = {isa = PBXFileReference; fileEncoding = 4; lastKnownFileType = sourcecode.swift; path = WebViewController.swift; sourceTree = "<group>"; };
		4C45BE8F1A2D21A70036FE4D /* WebKit.framework */ = {isa = PBXFileReference; lastKnownFileType = wrapper.framework; name = WebKit.framework; path = System/Library/Frameworks/WebKit.framework; sourceTree = SDKROOT; };
		4C45BE911A2D21B90036FE4D /* Framer Connect-Bridging-Header.h */ = {isa = PBXFileReference; lastKnownFileType = sourcecode.c.h; path = "Framer Connect-Bridging-Header.h"; sourceTree = "<group>"; };
		4C45BE951A2D24B50036FE4D /* BonjourFinder.h */ = {isa = PBXFileReference; fileEncoding = 4; lastKnownFileType = sourcecode.c.h; path = BonjourFinder.h; sourceTree = "<group>"; };
		4C45BE961A2D24B50036FE4D /* BonjourFinder.m */ = {isa = PBXFileReference; fileEncoding = 4; lastKnownFileType = sourcecode.c.objc; path = BonjourFinder.m; sourceTree = "<group>"; };
		4C45BE981A2D30E70036FE4D /* SearchingViewController.swift */ = {isa = PBXFileReference; fileEncoding = 4; lastKnownFileType = sourcecode.swift; path = SearchingViewController.swift; sourceTree = "<group>"; };
/* End PBXFileReference section */

/* Begin PBXFrameworksBuildPhase section */
		4C45BE5E1A2CEE170036FE4D /* Frameworks */ = {
			isa = PBXFrameworksBuildPhase;
			buildActionMask = 2147483647;
			files = (
				4C45BE901A2D21A70036FE4D /* WebKit.framework in Frameworks */,
			);
			runOnlyForDeploymentPostprocessing = 0;
		};
		4C45BE751A2CEE180036FE4D /* Frameworks */ = {
			isa = PBXFrameworksBuildPhase;
			buildActionMask = 2147483647;
			files = (
			);
			runOnlyForDeploymentPostprocessing = 0;
		};
/* End PBXFrameworksBuildPhase section */

/* Begin PBXGroup section */
		4C45BE581A2CEE170036FE4D = {
			isa = PBXGroup;
			children = (
				4C45BE8F1A2D21A70036FE4D /* WebKit.framework */,
				4C45BE631A2CEE170036FE4D /* Framer Connect */,
				4C45BE7B1A2CEE180036FE4D /* Framer ConnectTests */,
				4C45BE621A2CEE170036FE4D /* Products */,
				4C45BE911A2D21B90036FE4D /* Framer Connect-Bridging-Header.h */,
			);
			sourceTree = "<group>";
		};
		4C45BE621A2CEE170036FE4D /* Products */ = {
			isa = PBXGroup;
			children = (
				4C45BE611A2CEE170036FE4D /* Framer Connect.app */,
				4C45BE781A2CEE180036FE4D /* Framer ConnectTests.xctest */,
			);
			name = Products;
			sourceTree = "<group>";
		};
		4C45BE631A2CEE170036FE4D /* Framer Connect */ = {
			isa = PBXGroup;
			children = (
				4C45BE661A2CEE170036FE4D /* AppDelegate.swift */,
				4C45BE6C1A2CEE170036FE4D /* Main.storyboard */,
				4C45BE6F1A2CEE170036FE4D /* Images.xcassets */,
				4C45BE711A2CEE170036FE4D /* LaunchScreen.xib */,
				4C45BE641A2CEE170036FE4D /* Supporting Files */,
				4C45BE8D1A2D21810036FE4D /* WebViewController.swift */,
				4C45BE951A2D24B50036FE4D /* BonjourFinder.h */,
				4C45BE961A2D24B50036FE4D /* BonjourFinder.m */,
				4C45BE981A2D30E70036FE4D /* SearchingViewController.swift */,
			);
			path = "Framer Connect";
			sourceTree = "<group>";
		};
		4C45BE641A2CEE170036FE4D /* Supporting Files */ = {
			isa = PBXGroup;
			children = (
				4C45BE651A2CEE170036FE4D /* Info.plist */,
			);
			name = "Supporting Files";
			sourceTree = "<group>";
		};
		4C45BE7B1A2CEE180036FE4D /* Framer ConnectTests */ = {
			isa = PBXGroup;
			children = (
				4C45BE7E1A2CEE180036FE4D /* Framer_ConnectTests.swift */,
				4C45BE7C1A2CEE180036FE4D /* Supporting Files */,
			);
			path = "Framer ConnectTests";
			sourceTree = "<group>";
		};
		4C45BE7C1A2CEE180036FE4D /* Supporting Files */ = {
			isa = PBXGroup;
			children = (
				4C45BE7D1A2CEE180036FE4D /* Info.plist */,
			);
			name = "Supporting Files";
			sourceTree = "<group>";
		};
/* End PBXGroup section */

/* Begin PBXNativeTarget section */
		4C45BE601A2CEE170036FE4D /* Framer Connect */ = {
			isa = PBXNativeTarget;
			buildConfigurationList = 4C45BE821A2CEE180036FE4D /* Build configuration list for PBXNativeTarget "Framer Connect" */;
			buildPhases = (
				4C45BE5D1A2CEE170036FE4D /* Sources */,
				4C45BE5E1A2CEE170036FE4D /* Frameworks */,
				4C45BE5F1A2CEE170036FE4D /* Resources */,
			);
			buildRules = (
			);
			dependencies = (
			);
			name = "Framer Connect";
			productName = "Framer Connect";
			productReference = 4C45BE611A2CEE170036FE4D /* Framer Connect.app */;
			productType = "com.apple.product-type.application";
		};
		4C45BE771A2CEE180036FE4D /* Framer ConnectTests */ = {
			isa = PBXNativeTarget;
			buildConfigurationList = 4C45BE851A2CEE180036FE4D /* Build configuration list for PBXNativeTarget "Framer ConnectTests" */;
			buildPhases = (
				4C45BE741A2CEE180036FE4D /* Sources */,
				4C45BE751A2CEE180036FE4D /* Frameworks */,
				4C45BE761A2CEE180036FE4D /* Resources */,
			);
			buildRules = (
			);
			dependencies = (
				4C45BE7A1A2CEE180036FE4D /* PBXTargetDependency */,
			);
			name = "Framer ConnectTests";
			productName = "Framer ConnectTests";
			productReference = 4C45BE781A2CEE180036FE4D /* Framer ConnectTests.xctest */;
			productType = "com.apple.product-type.bundle.unit-test";
		};
/* End PBXNativeTarget section */

/* Begin PBXProject section */
		4C45BE591A2CEE170036FE4D /* Project object */ = {
			isa = PBXProject;
			attributes = {
				LastUpgradeCheck = 0610;
				ORGANIZATIONNAME = "Michael Feldstein";
				TargetAttributes = {
					4C45BE601A2CEE170036FE4D = {
						CreatedOnToolsVersion = 6.1;
					};
					4C45BE771A2CEE180036FE4D = {
						CreatedOnToolsVersion = 6.1;
						TestTargetID = 4C45BE601A2CEE170036FE4D;
					};
				};
			};
			buildConfigurationList = 4C45BE5C1A2CEE170036FE4D /* Build configuration list for PBXProject "Framer Connect" */;
			compatibilityVersion = "Xcode 3.2";
			developmentRegion = English;
			hasScannedForEncodings = 0;
			knownRegions = (
				en,
				Base,
			);
			mainGroup = 4C45BE581A2CEE170036FE4D;
			productRefGroup = 4C45BE621A2CEE170036FE4D /* Products */;
			projectDirPath = "";
			projectRoot = "";
			targets = (
				4C45BE601A2CEE170036FE4D /* Framer Connect */,
				4C45BE771A2CEE180036FE4D /* Framer ConnectTests */,
			);
		};
/* End PBXProject section */

/* Begin PBXResourcesBuildPhase section */
		4C45BE5F1A2CEE170036FE4D /* Resources */ = {
			isa = PBXResourcesBuildPhase;
			buildActionMask = 2147483647;
			files = (
				4C45BE6E1A2CEE170036FE4D /* Main.storyboard in Resources */,
				4C45BE731A2CEE170036FE4D /* LaunchScreen.xib in Resources */,
				4C45BE701A2CEE170036FE4D /* Images.xcassets in Resources */,
			);
			runOnlyForDeploymentPostprocessing = 0;
		};
		4C45BE761A2CEE180036FE4D /* Resources */ = {
			isa = PBXResourcesBuildPhase;
			buildActionMask = 2147483647;
			files = (
			);
			runOnlyForDeploymentPostprocessing = 0;
		};
/* End PBXResourcesBuildPhase section */

/* Begin PBXSourcesBuildPhase section */
		4C45BE5D1A2CEE170036FE4D /* Sources */ = {
			isa = PBXSourcesBuildPhase;
			buildActionMask = 2147483647;
			files = (
				4C45BE971A2D24B50036FE4D /* BonjourFinder.m in Sources */,
				4C45BE8E1A2D21810036FE4D /* WebViewController.swift in Sources */,
				4C45BE671A2CEE170036FE4D /* AppDelegate.swift in Sources */,
				4C45BE991A2D30E70036FE4D /* SearchingViewController.swift in Sources */,
			);
			runOnlyForDeploymentPostprocessing = 0;
		};
		4C45BE741A2CEE180036FE4D /* Sources */ = {
			isa = PBXSourcesBuildPhase;
			buildActionMask = 2147483647;
			files = (
				4C45BE7F1A2CEE180036FE4D /* Framer_ConnectTests.swift in Sources */,
			);
			runOnlyForDeploymentPostprocessing = 0;
		};
/* End PBXSourcesBuildPhase section */

/* Begin PBXTargetDependency section */
		4C45BE7A1A2CEE180036FE4D /* PBXTargetDependency */ = {
			isa = PBXTargetDependency;
			target = 4C45BE601A2CEE170036FE4D /* Framer Connect */;
			targetProxy = 4C45BE791A2CEE180036FE4D /* PBXContainerItemProxy */;
		};
/* End PBXTargetDependency section */

/* Begin PBXVariantGroup section */
		4C45BE6C1A2CEE170036FE4D /* Main.storyboard */ = {
			isa = PBXVariantGroup;
			children = (
				4C45BE6D1A2CEE170036FE4D /* Base */,
			);
			name = Main.storyboard;
			sourceTree = "<group>";
		};
		4C45BE711A2CEE170036FE4D /* LaunchScreen.xib */ = {
			isa = PBXVariantGroup;
			children = (
				4C45BE721A2CEE170036FE4D /* Base */,
			);
			name = LaunchScreen.xib;
			sourceTree = "<group>";
		};
/* End PBXVariantGroup section */

/* Begin XCBuildConfiguration section */
		4C45BE801A2CEE180036FE4D /* Debug */ = {
			isa = XCBuildConfiguration;
			buildSettings = {
				ALWAYS_SEARCH_USER_PATHS = NO;
				CLANG_CXX_LANGUAGE_STANDARD = "gnu++0x";
				CLANG_CXX_LIBRARY = "libc++";
				CLANG_ENABLE_MODULES = YES;
				CLANG_ENABLE_OBJC_ARC = YES;
				CLANG_WARN_BOOL_CONVERSION = YES;
				CLANG_WARN_CONSTANT_CONVERSION = YES;
				CLANG_WARN_DIRECT_OBJC_ISA_USAGE = YES_ERROR;
				CLANG_WARN_EMPTY_BODY = YES;
				CLANG_WARN_ENUM_CONVERSION = YES;
				CLANG_WARN_INT_CONVERSION = YES;
				CLANG_WARN_OBJC_ROOT_CLASS = YES_ERROR;
				CLANG_WARN_UNREACHABLE_CODE = YES;
				CLANG_WARN__DUPLICATE_METHOD_MATCH = YES;
				"CODE_SIGN_IDENTITY[sdk=iphoneos*]" = "iPhone Developer";
				COPY_PHASE_STRIP = NO;
				ENABLE_STRICT_OBJC_MSGSEND = YES;
				GCC_C_LANGUAGE_STANDARD = gnu99;
				GCC_DYNAMIC_NO_PIC = NO;
				GCC_OPTIMIZATION_LEVEL = 0;
				GCC_PREPROCESSOR_DEFINITIONS = (
					"DEBUG=1",
					"$(inherited)",
				);
				GCC_SYMBOLS_PRIVATE_EXTERN = NO;
				GCC_WARN_64_TO_32_BIT_CONVERSION = YES;
				GCC_WARN_ABOUT_RETURN_TYPE = YES_ERROR;
				GCC_WARN_UNDECLARED_SELECTOR = YES;
				GCC_WARN_UNINITIALIZED_AUTOS = YES_AGGRESSIVE;
				GCC_WARN_UNUSED_FUNCTION = YES;
				GCC_WARN_UNUSED_VARIABLE = YES;
				IPHONEOS_DEPLOYMENT_TARGET = 8.1;
				MTL_ENABLE_DEBUG_INFO = YES;
				ONLY_ACTIVE_ARCH = YES;
				SDKROOT = iphoneos;
				SWIFT_OPTIMIZATION_LEVEL = "-Onone";
				TARGETED_DEVICE_FAMILY = "1,2";
			};
			name = Debug;
		};
		4C45BE811A2CEE180036FE4D /* Release */ = {
			isa = XCBuildConfiguration;
			buildSettings = {
				ALWAYS_SEARCH_USER_PATHS = NO;
				CLANG_CXX_LANGUAGE_STANDARD = "gnu++0x";
				CLANG_CXX_LIBRARY = "libc++";
				CLANG_ENABLE_MODULES = YES;
				CLANG_ENABLE_OBJC_ARC = YES;
				CLANG_WARN_BOOL_CONVERSION = YES;
				CLANG_WARN_CONSTANT_CONVERSION = YES;
				CLANG_WARN_DIRECT_OBJC_ISA_USAGE = YES_ERROR;
				CLANG_WARN_EMPTY_BODY = YES;
				CLANG_WARN_ENUM_CONVERSION = YES;
				CLANG_WARN_INT_CONVERSION = YES;
				CLANG_WARN_OBJC_ROOT_CLASS = YES_ERROR;
				CLANG_WARN_UNREACHABLE_CODE = YES;
				CLANG_WARN__DUPLICATE_METHOD_MATCH = YES;
				"CODE_SIGN_IDENTITY[sdk=iphoneos*]" = "iPhone Developer";
				COPY_PHASE_STRIP = YES;
				ENABLE_NS_ASSERTIONS = NO;
				ENABLE_STRICT_OBJC_MSGSEND = YES;
				GCC_C_LANGUAGE_STANDARD = gnu99;
				GCC_WARN_64_TO_32_BIT_CONVERSION = YES;
				GCC_WARN_ABOUT_RETURN_TYPE = YES_ERROR;
				GCC_WARN_UNDECLARED_SELECTOR = YES;
				GCC_WARN_UNINITIALIZED_AUTOS = YES_AGGRESSIVE;
				GCC_WARN_UNUSED_FUNCTION = YES;
				GCC_WARN_UNUSED_VARIABLE = YES;
				IPHONEOS_DEPLOYMENT_TARGET = 8.1;
				MTL_ENABLE_DEBUG_INFO = NO;
				SDKROOT = iphoneos;
				TARGETED_DEVICE_FAMILY = "1,2";
				VALIDATE_PRODUCT = YES;
			};
			name = Release;
		};
		4C45BE831A2CEE180036FE4D /* Debug */ = {
			isa = XCBuildConfiguration;
			buildSettings = {
				ASSETCATALOG_COMPILER_APPICON_NAME = AppIcon;
				CLANG_ENABLE_MODULES = YES;
				INFOPLIST_FILE = "Framer Connect/Info.plist";
				LD_RUNPATH_SEARCH_PATHS = "$(inherited) @executable_path/Frameworks";
				PRODUCT_NAME = "$(TARGET_NAME)";
				SWIFT_OBJC_BRIDGING_HEADER = "Framer Connect-Bridging-Header.h";
				SWIFT_OPTIMIZATION_LEVEL = "-Onone";
			};
			name = Debug;
		};
		4C45BE841A2CEE180036FE4D /* Release */ = {
			isa = XCBuildConfiguration;
			buildSettings = {
				ASSETCATALOG_COMPILER_APPICON_NAME = AppIcon;
				CLANG_ENABLE_MODULES = YES;
				INFOPLIST_FILE = "Framer Connect/Info.plist";
				LD_RUNPATH_SEARCH_PATHS = "$(inherited) @executable_path/Frameworks";
				PRODUCT_NAME = "$(TARGET_NAME)";
				SWIFT_OBJC_BRIDGING_HEADER = "Framer Connect-Bridging-Header.h";
			};
			name = Release;
		};
		4C45BE861A2CEE180036FE4D /* Debug */ = {
			isa = XCBuildConfiguration;
			buildSettings = {
				BUNDLE_LOADER = "$(TEST_HOST)";
				FRAMEWORK_SEARCH_PATHS = (
					"$(SDKROOT)/Developer/Library/Frameworks",
					"$(inherited)",
				);
				GCC_PREPROCESSOR_DEFINITIONS = (
					"DEBUG=1",
					"$(inherited)",
				);
				INFOPLIST_FILE = "Framer ConnectTests/Info.plist";
				LD_RUNPATH_SEARCH_PATHS = "$(inherited) @executable_path/Frameworks @loader_path/Frameworks";
				PRODUCT_NAME = "$(TARGET_NAME)";
				TEST_HOST = "$(BUILT_PRODUCTS_DIR)/Framer Connect.app/Framer Connect";
			};
			name = Debug;
		};
		4C45BE871A2CEE180036FE4D /* Release */ = {
			isa = XCBuildConfiguration;
			buildSettings = {
				BUNDLE_LOADER = "$(TEST_HOST)";
				FRAMEWORK_SEARCH_PATHS = (
					"$(SDKROOT)/Developer/Library/Frameworks",
					"$(inherited)",
				);
				INFOPLIST_FILE = "Framer ConnectTests/Info.plist";
				LD_RUNPATH_SEARCH_PATHS = "$(inherited) @executable_path/Frameworks @loader_path/Frameworks";
				PRODUCT_NAME = "$(TARGET_NAME)";
				TEST_HOST = "$(BUILT_PRODUCTS_DIR)/Framer Connect.app/Framer Connect";
			};
			name = Release;
		};
/* End XCBuildConfiguration section */

/* Begin XCConfigurationList section */
		4C45BE5C1A2CEE170036FE4D /* Build configuration list for PBXProject "Framer Connect" */ = {
			isa = XCConfigurationList;
			buildConfigurations = (
				4C45BE801A2CEE180036FE4D /* Debug */,
				4C45BE811A2CEE180036FE4D /* Release */,
			);
			defaultConfigurationIsVisible = 0;
			defaultConfigurationName = Release;
		};
		4C45BE821A2CEE180036FE4D /* Build configuration list for PBXNativeTarget "Framer Connect" */ = {
			isa = XCConfigurationList;
			buildConfigurations = (
				4C45BE831A2CEE180036FE4D /* Debug */,
				4C45BE841A2CEE180036FE4D /* Release */,
			);
			defaultConfigurationIsVisible = 0;
			defaultConfigurationName = Release;
		};
		4C45BE851A2CEE180036FE4D /* Build configuration list for PBXNativeTarget "Framer ConnectTests" */ = {
			isa = XCConfigurationList;
			buildConfigurations = (
				4C45BE861A2CEE180036FE4D /* Debug */,
				4C45BE871A2CEE180036FE4D /* Release */,
			);
			defaultConfigurationIsVisible = 0;
			defaultConfigurationName = Release;
		};
/* End XCConfigurationList section */
	};
	rootObject = 4C45BE591A2CEE170036FE4D /* Project object */;
}
